// !$*UTF8*$!
{
	archiveVersion = 1;
	classes = {
	};
	objectVersion = 50;
	objects = {

/* Begin PBXBuildFile section */
		072C191124BE7DA00019C8AA /* AppDelegate.swift in Sources */ = {isa = PBXBuildFile; fileRef = 072C191024BE7DA00019C8AA /* AppDelegate.swift */; };
		072C191324BE7DA00019C8AA /* SceneDelegate.swift in Sources */ = {isa = PBXBuildFile; fileRef = 072C191224BE7DA00019C8AA /* SceneDelegate.swift */; };
		072C191524BE7DA00019C8AA /* ViewController.swift in Sources */ = {isa = PBXBuildFile; fileRef = 072C191424BE7DA00019C8AA /* ViewController.swift */; };
		072C191824BE7DA00019C8AA /* Main.storyboard in Resources */ = {isa = PBXBuildFile; fileRef = 072C191624BE7DA00019C8AA /* Main.storyboard */; };
		072C191A24BE7DA50019C8AA /* Assets.xcassets in Resources */ = {isa = PBXBuildFile; fileRef = 072C191924BE7DA50019C8AA /* Assets.xcassets */; };
		072C191D24BE7DA50019C8AA /* LaunchScreen.storyboard in Resources */ = {isa = PBXBuildFile; fileRef = 072C191B24BE7DA50019C8AA /* LaunchScreen.storyboard */; };
		072C192824BE7DA50019C8AA /* MovieDbTests.swift in Sources */ = {isa = PBXBuildFile; fileRef = 072C192724BE7DA50019C8AA /* MovieDbTests.swift */; };
/* End PBXBuildFile section */

/* Begin PBXContainerItemProxy section */
		072C192424BE7DA50019C8AA /* PBXContainerItemProxy */ = {
			isa = PBXContainerItemProxy;
			containerPortal = 072C190524BE7DA00019C8AA /* Project object */;
			proxyType = 1;
			remoteGlobalIDString = 072C190C24BE7DA00019C8AA;
			remoteInfo = MovieDb;
		};
/* End PBXContainerItemProxy section */

/* Begin PBXFileReference section */
		072C190D24BE7DA00019C8AA /* MovieDb.app */ = {isa = PBXFileReference; explicitFileType = wrapper.application; includeInIndex = 0; path = MovieDb.app; sourceTree = BUILT_PRODUCTS_DIR; };
		072C191024BE7DA00019C8AA /* AppDelegate.swift */ = {isa = PBXFileReference; lastKnownFileType = sourcecode.swift; path = AppDelegate.swift; sourceTree = "<group>"; };
		072C191224BE7DA00019C8AA /* SceneDelegate.swift */ = {isa = PBXFileReference; lastKnownFileType = sourcecode.swift; path = SceneDelegate.swift; sourceTree = "<group>"; };
		072C191424BE7DA00019C8AA /* ViewController.swift */ = {isa = PBXFileReference; lastKnownFileType = sourcecode.swift; path = ViewController.swift; sourceTree = "<group>"; };
		072C191724BE7DA00019C8AA /* Base */ = {isa = PBXFileReference; lastKnownFileType = file.storyboard; name = Base; path = Base.lproj/Main.storyboard; sourceTree = "<group>"; };
		072C191924BE7DA50019C8AA /* Assets.xcassets */ = {isa = PBXFileReference; lastKnownFileType = folder.assetcatalog; path = Assets.xcassets; sourceTree = "<group>"; };
		072C191C24BE7DA50019C8AA /* Base */ = {isa = PBXFileReference; lastKnownFileType = file.storyboard; name = Base; path = Base.lproj/LaunchScreen.storyboard; sourceTree = "<group>"; };
		072C191E24BE7DA50019C8AA /* Info.plist */ = {isa = PBXFileReference; lastKnownFileType = text.plist.xml; path = Info.plist; sourceTree = "<group>"; };
		072C192324BE7DA50019C8AA /* MovieDbTests.xctest */ = {isa = PBXFileReference; explicitFileType = wrapper.cfbundle; includeInIndex = 0; path = MovieDbTests.xctest; sourceTree = BUILT_PRODUCTS_DIR; };
		072C192724BE7DA50019C8AA /* MovieDbTests.swift */ = {isa = PBXFileReference; lastKnownFileType = sourcecode.swift; path = MovieDbTests.swift; sourceTree = "<group>"; };
		072C192924BE7DA50019C8AA /* Info.plist */ = {isa = PBXFileReference; lastKnownFileType = text.plist.xml; path = Info.plist; sourceTree = "<group>"; };
/* End PBXFileReference section */

/* Begin PBXFrameworksBuildPhase section */
		072C190A24BE7DA00019C8AA /* Frameworks */ = {
			isa = PBXFrameworksBuildPhase;
			buildActionMask = 2147483647;
			files = (
			);
			runOnlyForDeploymentPostprocessing = 0;
		};
		072C192024BE7DA50019C8AA /* Frameworks */ = {
			isa = PBXFrameworksBuildPhase;
			buildActionMask = 2147483647;
			files = (
			);
			runOnlyForDeploymentPostprocessing = 0;
		};
/* End PBXFrameworksBuildPhase section */

/* Begin PBXGroup section */
		072C190424BE7DA00019C8AA = {
			isa = PBXGroup;
			children = (
				072C190F24BE7DA00019C8AA /* MovieDb */,
				072C192624BE7DA50019C8AA /* MovieDbTests */,
				072C190E24BE7DA00019C8AA /* Products */,
			);
			sourceTree = "<group>";
		};
		072C190E24BE7DA00019C8AA /* Products */ = {
			isa = PBXGroup;
			children = (
				072C190D24BE7DA00019C8AA /* MovieDb.app */,
				072C192324BE7DA50019C8AA /* MovieDbTests.xctest */,
			);
			name = Products;
			sourceTree = "<group>";
		};
		072C190F24BE7DA00019C8AA /* MovieDb */ = {
			isa = PBXGroup;
			children = (
				072C191024BE7DA00019C8AA /* AppDelegate.swift */,
				072C191224BE7DA00019C8AA /* SceneDelegate.swift */,
				072C191424BE7DA00019C8AA /* ViewController.swift */,
				072C191624BE7DA00019C8AA /* Main.storyboard */,
				072C191924BE7DA50019C8AA /* Assets.xcassets */,
				072C191B24BE7DA50019C8AA /* LaunchScreen.storyboard */,
				072C191E24BE7DA50019C8AA /* Info.plist */,
			);
			path = MovieDb;
			sourceTree = "<group>";
		};
		072C192624BE7DA50019C8AA /* MovieDbTests */ = {
			isa = PBXGroup;
			children = (
				072C192724BE7DA50019C8AA /* MovieDbTests.swift */,
				072C192924BE7DA50019C8AA /* Info.plist */,
			);
			path = MovieDbTests;
			sourceTree = "<group>";
		};
/* End PBXGroup section */

/* Begin PBXNativeTarget section */
		072C190C24BE7DA00019C8AA /* MovieDb */ = {
			isa = PBXNativeTarget;
			buildConfigurationList = 072C192C24BE7DA60019C8AA /* Build configuration list for PBXNativeTarget "MovieDb" */;
			buildPhases = (
				072C190924BE7DA00019C8AA /* Sources */,
				072C190A24BE7DA00019C8AA /* Frameworks */,
				072C190B24BE7DA00019C8AA /* Resources */,
			);
			buildRules = (
			);
			dependencies = (
			);
			name = MovieDb;
			productName = MovieDb;
			productReference = 072C190D24BE7DA00019C8AA /* MovieDb.app */;
			productType = "com.apple.product-type.application";
		};
		072C192224BE7DA50019C8AA /* MovieDbTests */ = {
			isa = PBXNativeTarget;
			buildConfigurationList = 072C192F24BE7DA60019C8AA /* Build configuration list for PBXNativeTarget "MovieDbTests" */;
			buildPhases = (
				072C191F24BE7DA50019C8AA /* Sources */,
				072C192024BE7DA50019C8AA /* Frameworks */,
				072C192124BE7DA50019C8AA /* Resources */,
			);
			buildRules = (
			);
			dependencies = (
				072C192524BE7DA50019C8AA /* PBXTargetDependency */,
			);
			name = MovieDbTests;
			productName = MovieDbTests;
			productReference = 072C192324BE7DA50019C8AA /* MovieDbTests.xctest */;
			productType = "com.apple.product-type.bundle.unit-test";
		};
/* End PBXNativeTarget section */

/* Begin PBXProject section */
		072C190524BE7DA00019C8AA /* Project object */ = {
			isa = PBXProject;
			attributes = {
				LastSwiftUpdateCheck = 1150;
				LastUpgradeCheck = 1150;
				ORGANIZATIONNAME = "Camilo Vargas";
				TargetAttributes = {
					072C190C24BE7DA00019C8AA = {
						CreatedOnToolsVersion = 11.5;
					};
					072C192224BE7DA50019C8AA = {
						CreatedOnToolsVersion = 11.5;
						TestTargetID = 072C190C24BE7DA00019C8AA;
					};
				};
			};
			buildConfigurationList = 072C190824BE7DA00019C8AA /* Build configuration list for PBXProject "MovieDb" */;
			compatibilityVersion = "Xcode 9.3";
			developmentRegion = en;
			hasScannedForEncodings = 0;
			knownRegions = (
				en,
				Base,
			);
			mainGroup = 072C190424BE7DA00019C8AA;
			productRefGroup = 072C190E24BE7DA00019C8AA /* Products */;
			projectDirPath = "";
			projectRoot = "";
			targets = (
				072C190C24BE7DA00019C8AA /* MovieDb */,
				072C192224BE7DA50019C8AA /* MovieDbTests */,
			);
		};
/* End PBXProject section */

/* Begin PBXResourcesBuildPhase section */
		072C190B24BE7DA00019C8AA /* Resources */ = {
			isa = PBXResourcesBuildPhase;
			buildActionMask = 2147483647;
			files = (
				072C191D24BE7DA50019C8AA /* LaunchScreen.storyboard in Resources */,
				072C191A24BE7DA50019C8AA /* Assets.xcassets in Resources */,
				072C191824BE7DA00019C8AA /* Main.storyboard in Resources */,
			);
			runOnlyForDeploymentPostprocessing = 0;
		};
		072C192124BE7DA50019C8AA /* Resources */ = {
			isa = PBXResourcesBuildPhase;
			buildActionMask = 2147483647;
			files = (
			);
			runOnlyForDeploymentPostprocessing = 0;
		};
/* End PBXResourcesBuildPhase section */

/* Begin PBXSourcesBuildPhase section */
		072C190924BE7DA00019C8AA /* Sources */ = {
			isa = PBXSourcesBuildPhase;
			buildActionMask = 2147483647;
			files = (
				072C191524BE7DA00019C8AA /* ViewController.swift in Sources */,
				072C191124BE7DA00019C8AA /* AppDelegate.swift in Sources */,
				072C191324BE7DA00019C8AA /* SceneDelegate.swift in Sources */,
			);
			runOnlyForDeploymentPostprocessing = 0;
		};
		072C191F24BE7DA50019C8AA /* Sources */ = {
			isa = PBXSourcesBuildPhase;
			buildActionMask = 2147483647;
			files = (
				072C192824BE7DA50019C8AA /* MovieDbTests.swift in Sources */,
			);
			runOnlyForDeploymentPostprocessing = 0;
		};
/* End PBXSourcesBuildPhase section */

/* Begin PBXTargetDependency section */
		072C192524BE7DA50019C8AA /* PBXTargetDependency */ = {
			isa = PBXTargetDependency;
			target = 072C190C24BE7DA00019C8AA /* MovieDb */;
			targetProxy = 072C192424BE7DA50019C8AA /* PBXContainerItemProxy */;
		};
/* End PBXTargetDependency section */

/* Begin PBXVariantGroup section */
		072C191624BE7DA00019C8AA /* Main.storyboard */ = {
			isa = PBXVariantGroup;
			children = (
				072C191724BE7DA00019C8AA /* Base */,
			);
			name = Main.storyboard;
			sourceTree = "<group>";
		};
		072C191B24BE7DA50019C8AA /* LaunchScreen.storyboard */ = {
			isa = PBXVariantGroup;
			children = (
				072C191C24BE7DA50019C8AA /* Base */,
			);
			name = LaunchScreen.storyboard;
			sourceTree = "<group>";
		};
/* End PBXVariantGroup section */

/* Begin XCBuildConfiguration section */
		072C192A24BE7DA50019C8AA /* Debug */ = {
			isa = XCBuildConfiguration;
			buildSettings = {
				ALWAYS_SEARCH_USER_PATHS = NO;
				CLANG_ANALYZER_NONNULL = YES;
				CLANG_ANALYZER_NUMBER_OBJECT_CONVERSION = YES_AGGRESSIVE;
				CLANG_CXX_LANGUAGE_STANDARD = "gnu++14";
				CLANG_CXX_LIBRARY = "libc++";
				CLANG_ENABLE_MODULES = YES;
				CLANG_ENABLE_OBJC_ARC = YES;
				CLANG_ENABLE_OBJC_WEAK = YES;
				CLANG_WARN_BLOCK_CAPTURE_AUTORELEASING = YES;
				CLANG_WARN_BOOL_CONVERSION = YES;
				CLANG_WARN_COMMA = YES;
				CLANG_WARN_CONSTANT_CONVERSION = YES;
				CLANG_WARN_DEPRECATED_OBJC_IMPLEMENTATIONS = YES;
				CLANG_WARN_DIRECT_OBJC_ISA_USAGE = YES_ERROR;
				CLANG_WARN_DOCUMENTATION_COMMENTS = YES;
				CLANG_WARN_EMPTY_BODY = YES;
				CLANG_WARN_ENUM_CONVERSION = YES;
				CLANG_WARN_INFINITE_RECURSION = YES;
				CLANG_WARN_INT_CONVERSION = YES;
				CLANG_WARN_NON_LITERAL_NULL_CONVERSION = YES;
				CLANG_WARN_OBJC_IMPLICIT_RETAIN_SELF = YES;
				CLANG_WARN_OBJC_LITERAL_CONVERSION = YES;
				CLANG_WARN_OBJC_ROOT_CLASS = YES_ERROR;
				CLANG_WARN_RANGE_LOOP_ANALYSIS = YES;
				CLANG_WARN_STRICT_PROTOTYPES = YES;
				CLANG_WARN_SUSPICIOUS_MOVE = YES;
				CLANG_WARN_UNGUARDED_AVAILABILITY = YES_AGGRESSIVE;
				CLANG_WARN_UNREACHABLE_CODE = YES;
				CLANG_WARN__DUPLICATE_METHOD_MATCH = YES;
				COPY_PHASE_STRIP = NO;
				DEBUG_INFORMATION_FORMAT = dwarf;
				ENABLE_STRICT_OBJC_MSGSEND = YES;
				ENABLE_TESTABILITY = YES;
				GCC_C_LANGUAGE_STANDARD = gnu11;
				GCC_DYNAMIC_NO_PIC = NO;
				GCC_NO_COMMON_BLOCKS = YES;
				GCC_OPTIMIZATION_LEVEL = 0;
				GCC_PREPROCESSOR_DEFINITIONS = (
					"DEBUG=1",
					"$(inherited)",
				);
				GCC_WARN_64_TO_32_BIT_CONVERSION = YES;
				GCC_WARN_ABOUT_RETURN_TYPE = YES_ERROR;
				GCC_WARN_UNDECLARED_SELECTOR = YES;
				GCC_WARN_UNINITIALIZED_AUTOS = YES_AGGRESSIVE;
				GCC_WARN_UNUSED_FUNCTION = YES;
				GCC_WARN_UNUSED_VARIABLE = YES;
				IPHONEOS_DEPLOYMENT_TARGET = 13.5;
				MTL_ENABLE_DEBUG_INFO = INCLUDE_SOURCE;
				MTL_FAST_MATH = YES;
				ONLY_ACTIVE_ARCH = YES;
				SDKROOT = iphoneos;
				SWIFT_ACTIVE_COMPILATION_CONDITIONS = DEBUG;
				SWIFT_OPTIMIZATION_LEVEL = "-Onone";
			};
			name = Debug;
		};
		072C192B24BE7DA50019C8AA /* Release */ = {
			isa = XCBuildConfiguration;
			buildSettings = {
				ALWAYS_SEARCH_USER_PATHS = NO;
				CLANG_ANALYZER_NONNULL = YES;
				CLANG_ANALYZER_NUMBER_OBJECT_CONVERSION = YES_AGGRESSIVE;
				CLANG_CXX_LANGUAGE_STANDARD = "gnu++14";
				CLANG_CXX_LIBRARY = "libc++";
				CLANG_ENABLE_MODULES = YES;
				CLANG_ENABLE_OBJC_ARC = YES;
				CLANG_ENABLE_OBJC_WEAK = YES;
				CLANG_WARN_BLOCK_CAPTURE_AUTORELEASING = YES;
				CLANG_WARN_BOOL_CONVERSION = YES;
				CLANG_WARN_COMMA = YES;
				CLANG_WARN_CONSTANT_CONVERSION = YES;
				CLANG_WARN_DEPRECATED_OBJC_IMPLEMENTATIONS = YES;
				CLANG_WARN_DIRECT_OBJC_ISA_USAGE = YES_ERROR;
				CLANG_WARN_DOCUMENTATION_COMMENTS = YES;
				CLANG_WARN_EMPTY_BODY = YES;
				CLANG_WARN_ENUM_CONVERSION = YES;
				CLANG_WARN_INFINITE_RECURSION = YES;
				CLANG_WARN_INT_CONVERSION = YES;
				CLANG_WARN_NON_LITERAL_NULL_CONVERSION = YES;
				CLANG_WARN_OBJC_IMPLICIT_RETAIN_SELF = YES;
				CLANG_WARN_OBJC_LITERAL_CONVERSION = YES;
				CLANG_WARN_OBJC_ROOT_CLASS = YES_ERROR;
				CLANG_WARN_RANGE_LOOP_ANALYSIS = YES;
				CLANG_WARN_STRICT_PROTOTYPES = YES;
				CLANG_WARN_SUSPICIOUS_MOVE = YES;
				CLANG_WARN_UNGUARDED_AVAILABILITY = YES_AGGRESSIVE;
				CLANG_WARN_UNREACHABLE_CODE = YES;
				CLANG_WARN__DUPLICATE_METHOD_MATCH = YES;
				COPY_PHASE_STRIP = NO;
				DEBUG_INFORMATION_FORMAT = "dwarf-with-dsym";
				ENABLE_NS_ASSERTIONS = NO;
				ENABLE_STRICT_OBJC_MSGSEND = YES;
				GCC_C_LANGUAGE_STANDARD = gnu11;
				GCC_NO_COMMON_BLOCKS = YES;
				GCC_WARN_64_TO_32_BIT_CONVERSION = YES;
				GCC_WARN_ABOUT_RETURN_TYPE = YES_ERROR;
				GCC_WARN_UNDECLARED_SELECTOR = YES;
				GCC_WARN_UNINITIALIZED_AUTOS = YES_AGGRESSIVE;
				GCC_WARN_UNUSED_FUNCTION = YES;
				GCC_WARN_UNUSED_VARIABLE = YES;
				IPHONEOS_DEPLOYMENT_TARGET = 13.5;
				MTL_ENABLE_DEBUG_INFO = NO;
				MTL_FAST_MATH = YES;
				SDKROOT = iphoneos;
				SWIFT_COMPILATION_MODE = wholemodule;
				SWIFT_OPTIMIZATION_LEVEL = "-O";
				VALIDATE_PRODUCT = YES;
			};
			name = Release;
		};
		072C192D24BE7DA60019C8AA /* Debug */ = {
			isa = XCBuildConfiguration;
			buildSettings = {
				ASSETCATALOG_COMPILER_APPICON_NAME = AppIcon;
				CODE_SIGN_STYLE = Automatic;
				INFOPLIST_FILE = MovieDb/Info.plist;
				LD_RUNPATH_SEARCH_PATHS = (
					"$(inherited)",
					"@executable_path/Frameworks",
				);
				PRODUCT_BUNDLE_IDENTIFIER = com.camilovargas.MovieDb;
				PRODUCT_NAME = "$(TARGET_NAME)";
				SWIFT_VERSION = 5.0;
				TARGETED_DEVICE_FAMILY = "1,2";
			};
			name = Debug;
		};
		072C192E24BE7DA60019C8AA /* Release */ = {
			isa = XCBuildConfiguration;
			buildSettings = {
				ASSETCATALOG_COMPILER_APPICON_NAME = AppIcon;
				CODE_SIGN_STYLE = Automatic;
				INFOPLIST_FILE = MovieDb/Info.plist;
				LD_RUNPATH_SEARCH_PATHS = (
					"$(inherited)",
					"@executable_path/Frameworks",
				);
				PRODUCT_BUNDLE_IDENTIFIER = com.camilovargas.MovieDb;
				PRODUCT_NAME = "$(TARGET_NAME)";
				SWIFT_VERSION = 5.0;
				TARGETED_DEVICE_FAMILY = "1,2";
			};
			name = Release;
		};
		072C193024BE7DA60019C8AA /* Debug */ = {
			isa = XCBuildConfiguration;
			buildSettings = {
				ALWAYS_EMBED_SWIFT_STANDARD_LIBRARIES = YES;
				BUNDLE_LOADER = "$(TEST_HOST)";
				CODE_SIGN_STYLE = Automatic;
				INFOPLIST_FILE = MovieDbTests/Info.plist;
				IPHONEOS_DEPLOYMENT_TARGET = 13.5;
				LD_RUNPATH_SEARCH_PATHS = (
					"$(inherited)",
					"@executable_path/Frameworks",
					"@loader_path/Frameworks",
				);
				PRODUCT_BUNDLE_IDENTIFIER = com.camilovargas.MovieDbTests;
				PRODUCT_NAME = "$(TARGET_NAME)";
				SWIFT_VERSION = 5.0;
				TARGETED_DEVICE_FAMILY = "1,2";
				TEST_HOST = "$(BUILT_PRODUCTS_DIR)/MovieDb.app/MovieDb";
			};
			name = Debug;
		};
		072C193124BE7DA60019C8AA /* Release */ = {
			isa = XCBuildConfiguration;
			buildSettings = {
				ALWAYS_EMBED_SWIFT_STANDARD_LIBRARIES = YES;
				BUNDLE_LOADER = "$(TEST_HOST)";
				CODE_SIGN_STYLE = Automatic;
				INFOPLIST_FILE = MovieDbTests/Info.plist;
				IPHONEOS_DEPLOYMENT_TARGET = 13.5;
				LD_RUNPATH_SEARCH_PATHS = (
					"$(inherited)",
					"@executable_path/Frameworks",
					"@loader_path/Frameworks",
				);
				PRODUCT_BUNDLE_IDENTIFIER = com.camilovargas.MovieDbTests;
				PRODUCT_NAME = "$(TARGET_NAME)";
				SWIFT_VERSION = 5.0;
				TARGETED_DEVICE_FAMILY = "1,2";
				TEST_HOST = "$(BUILT_PRODUCTS_DIR)/MovieDb.app/MovieDb";
			};
			name = Release;
		};
/* End XCBuildConfiguration section */

/* Begin XCConfigurationList section */
		072C190824BE7DA00019C8AA /* Build configuration list for PBXProject "MovieDb" */ = {
			isa = XCConfigurationList;
			buildConfigurations = (
				072C192A24BE7DA50019C8AA /* Debug */,
				072C192B24BE7DA50019C8AA /* Release */,
			);
			defaultConfigurationIsVisible = 0;
			defaultConfigurationName = Release;
		};
		072C192C24BE7DA60019C8AA /* Build configuration list for PBXNativeTarget "MovieDb" */ = {
			isa = XCConfigurationList;
			buildConfigurations = (
				072C192D24BE7DA60019C8AA /* Debug */,
				072C192E24BE7DA60019C8AA /* Release */,
			);
			defaultConfigurationIsVisible = 0;
			defaultConfigurationName = Release;
		};
		072C192F24BE7DA60019C8AA /* Build configuration list for PBXNativeTarget "MovieDbTests" */ = {
			isa = XCConfigurationList;
			buildConfigurations = (
				072C193024BE7DA60019C8AA /* Debug */,
				072C193124BE7DA60019C8AA /* Release */,
			);
			defaultConfigurationIsVisible = 0;
			defaultConfigurationName = Release;
		};
/* End XCConfigurationList section */
	};
	rootObject = 072C190524BE7DA00019C8AA /* Project object */;
}
